{
  "name": "tmp",
  "version": "1.0.0",
  "lockfileVersion": 2,
  "requires": true,
  "packages": {
    "": {
      "name": "tmp",
      "version": "1.0.0",
      "license": "ISC",
      "dependencies": {
        "jwt-decode": "1.1.2",
        "ua-parser-js": "0.7.28"
      }
    },
    "node_modules/Base64": {
      "version": "0.1.4",
      "resolved": "https://registry.npmjs.org/Base64/-/Base64-0.1.4.tgz",
      "integrity": "sha1-6fbGvvVn/WNepBYqsU3TKedKpt4="
    },
    "node_modules/jwt-decode": {
      "version": "1.1.2",
      "resolved": "https://registry.npmjs.org/jwt-decode/-/jwt-decode-1.1.2.tgz",
      "integrity": "sha1-rykM31MkMKIfTfryZIDTN1M20tk=",
      "dependencies": {
        "Base64": "~0.1.3"
      }
    },
    "node_modules/ua-parser-js": {
      "version": "0.7.28",
      "resolved": "https://registry.npmjs.org/ua-parser-js/-/ua-parser-js-0.7.28.tgz",
      "integrity": "sha512-6Gurc1n//gjp9eQNXjD9O3M/sMwVtN5S8Lv9bvOYBfKfDNiIIhqiyi01vMBO45u4zkDE420w/e0se7Vs+sIg+g==",
      "funding": [
        {
          "type": "opencollective",
          "url": "https://opencollective.com/ua-parser-js"
        },
        {
          "type": "paypal",
          "url": "https://paypal.me/faisalman"
        }
      ],
      "engines": {
        "node": "*"
      }
    }
  },
  "dependencies": {
    "Base64": {
      "version": "0.1.4",
      "resolved": "https://registry.npmjs.org/Base64/-/Base64-0.1.4.tgz",
      "integrity": "sha1-6fbGvvVn/WNepBYqsU3TKedKpt4="
    },
    "jwt-decode": {
      "version": "1.1.2",
      "resolved": "https://registry.npmjs.org/jwt-decode/-/jwt-decode-1.1.2.tgz",
      "integrity": "sha1-rykM31MkMKIfTfryZIDTN1M20tk=",
      "requires": {
        "Base64": "~0.1.3"
      }
    },
    "ua-parser-js": {
      "version": "0.7.28",
      "resolved": "https://registry.npmjs.org/ua-parser-js/-/ua-parser-js-0.7.28.tgz",
      "integrity": "sha512-6Gurc1n//gjp9eQNXjD9O3M/sMwVtN5S8Lv9bvOYBfKfDNiIIhqiyi01vMBO45u4zkDE420w/e0se7Vs+sIg+g=="
    }
  }
}
